{
  "name": "@kalamdb/consumer",
  "version": "0.4.2-rc.1",
  "lockfileVersion": 3,
  "requires": true,
  "packages": {
    "": {
      "name": "@kalamdb/consumer",
      "version": "0.4.2-rc.1",
      "license": "Apache-2.0",
      "devDependencies": {
        "@types/node": "^25.5.0",
        "typescript": "^6.0.2"
      },
      "engines": {
        "node": ">=18.0.0"
      },
      "peerDependencies": {
        "@kalamdb/client": "^0.4.2-rc.1"
      }
    },
    "../client": {
      "name": "@kalamdb/client",
      "version": "0.4.2-rc.1",
      "extraneous": true,
      "license": "Apache-2.0",
      "dependencies": {
        "ws": "^8.20.0"
      },
      "devDependencies": {
        "@types/node": "^25.5.2",
        "typescript": "^6.0.2"
      },
      "engines": {
        "node": ">=18.0.0"
      }
    },
    "node_modules/@types/node": {
      "version": "25.5.2",
      "dev": true,
      "license": "MIT",
      "dependencies": {
        "undici-types": "~7.18.0"
      }
    },
    "node_modules/typescript": {
      "version": "6.0.2",
      "dev": true,
      "license": "Apache-2.0",
      "bin": {
        "tsc": "bin/tsc",
        "tsserver": "bin/tsserver"
      },
      "engines": {
        "node": ">=14.17"
      }
    },
    "node_modules/undici-types": {
      "version": "7.18.2",
      "dev": true,
      "license": "MIT"
    }
  }
}
